{
  "nodes": {
    "flake-utils": {
      "inputs": {
        "systems": [
          "ignis",
          "systems"
        ]
      },
      "locked": {
        "lastModified": 1731533236,
        "narHash": "sha256-l0KFg5HjrsfsO/JpG+r7fRrqm12kzFHyUHqHCVpMMbI=",
        "owner": "numtide",
        "repo": "flake-utils",
        "rev": "11707dc2f618dd54ca8739b309ec4fc024de578b",
        "type": "github"
      },
      "original": {
        "owner": "numtide",
        "repo": "flake-utils",
        "type": "github"
      }
    },
    "gvc": {
      "flake": false,
      "locked": {
        "lastModified": 1735384240,
        "narHash": "sha256-ikF9EzFlsRH8i4+SVUHETF4Jk1ob2JX1RLsuMdzrQOQ=",
        "owner": "ignis-sh",
        "repo": "libgnome-volume-control-wheel",
        "rev": "2d1cb33dacdae43127bb843a48b159ea7b8925d0",
        "type": "github"
      },
      "original": {
        "owner": "ignis-sh",
        "repo": "libgnome-volume-control-wheel",
        "type": "github"
      }
    },
    "home-manager": {
      "inputs": {
        "nixpkgs": [
          "nixpkgs"
        ]
      },
      "locked": {
        "lastModified": 1753567913,
        "narHash": "sha256-eYrqSRI1/mrnVGCGYO+zkKHUszwJQodq/qDHh+mzvkI=",
        "owner": "nix-community",
        "repo": "home-manager",
        "rev": "2b73c2fcca690b6eca4f520179e54ae760f25d4e",
        "type": "github"
      },
      "original": {
        "owner": "nix-community",
        "repo": "home-manager",
        "type": "github"
      }
    },
    "ignis": {
      "inputs": {
        "flake-utils": "flake-utils",
        "gvc": "gvc",
        "nixpkgs": [
          "nixpkgs"
        ],
        "systems": "systems"
      },
      "locked": {
        "lastModified": 1753186154,
        "narHash": "sha256-FG4cBKHgx4F5TyA9toQfDcexp+iOpNtSwpNXfrraim0=",
        "owner": "linkfrg",
        "repo": "ignis",
        "rev": "28715e0e465f573196f9b3da881f6e42ed53b56e",
        "type": "github"
      },
      "original": {
        "owner": "linkfrg",
        "repo": "ignis",
        "type": "github"
      }
    },
    "niri": {
      "inputs": {
        "nixpkgs": [
          "nixpkgs"
        ],
        "rust-overlay": "rust-overlay"
      },
      "locked": {
        "lastModified": 1752870529,
        "narHash": "sha256-23DJk5EfEDCq7Xy1QELcayG0VxbbWpdQ6t7jbhae1Ok=",
        "owner": "YaLTeR",
        "repo": "niri",
        "rev": "fefc0bc0a71556eb75352e2b611e50eb5d3bf9c2",
        "type": "github"
      },
      "original": {
        "owner": "YaLTeR",
        "repo": "niri",
        "type": "github"
      }
    },
    "nix-formatter-pack": {
      "inputs": {
        "nixpkgs": [
          "nixpkgs"
        ],
        "nmd": "nmd",
        "nmt": "nmt"
      },
      "locked": {
        "lastModified": 1742249870,
        "narHash": "sha256-U37ECk3zpfp92D3H0gzfWPyb5sf0RdOdublCq1zjq+w=",
        "owner": "Gerschtli",
        "repo": "nix-formatter-pack",
        "rev": "fe5b4498e3161191bd93fe0683dff347f6f689df",
        "type": "github"
      },
      "original": {
        "owner": "Gerschtli",
        "repo": "nix-formatter-pack",
        "type": "github"
      }
    },
    "nix-index-database": {
      "inputs": {
        "nixpkgs": [
          "nixpkgs"
        ]
      },
      "locked": {
        "lastModified": 1753588809,
        "narHash": "sha256-e05l5bzcmHU9TuXu0fCHGfUVMql/DROlKaRi0y9nFPc=",
        "owner": "nix-community",
        "repo": "nix-index-database",
        "rev": "a4e1c3bac560b098e71542ae5f262ceb68502a74",
        "type": "github"
      },
      "original": {
        "owner": "nix-community",
        "repo": "nix-index-database",
        "type": "github"
      }
    },
    "nixpkgs": {
      "locked": {
        "lastModified": 1753429684,
        "narHash": "sha256-9h7+4/53cSfQ/uA3pSvCaBepmZaz/dLlLVJnbQ+SJjk=",
        "owner": "nixos",
        "repo": "nixpkgs",
        "rev": "7fd36ee82c0275fb545775cc5e4d30542899511d",
        "type": "github"
      },
      "original": {
        "owner": "nixos",
        "ref": "nixos-unstable",
        "repo": "nixpkgs",
        "type": "github"
      }
    },
    "nmd": {
      "flake": false,
      "locked": {
        "lastModified": 1666190571,
        "narHash": "sha256-Z1hc7M9X6L+H83o9vOprijpzhTfOBjd0KmUTnpHAVjA=",
        "owner": "rycee",
        "repo": "nmd",
        "rev": "b75d312b4f33bd3294cd8ae5c2ca8c6da2afc169",
        "type": "gitlab"
      },
      "original": {
        "owner": "rycee",
        "repo": "nmd",
        "type": "gitlab"
      }
    },
    "nmt": {
      "flake": false,
      "locked": {
        "lastModified": 1648075362,
        "narHash": "sha256-u36WgzoA84dMVsGXzml4wZ5ckGgfnvS0ryzo/3zn/Pc=",
        "owner": "rycee",
        "repo": "nmt",
        "rev": "d83601002c99b78c89ea80e5e6ba21addcfe12ae",
        "type": "gitlab"
      },
      "original": {
        "owner": "rycee",
        "repo": "nmt",
        "type": "gitlab"
      }
    },
    "root": {
      "inputs": {
        "home-manager": "home-manager",
        "ignis": "ignis",
        "niri": "niri",
        "nix-formatter-pack": "nix-formatter-pack",
        "nix-index-database": "nix-index-database",
        "nixpkgs": "nixpkgs"
      }
    },
    "rust-overlay": {
      "inputs": {
        "nixpkgs": [
          "niri",
          "nixpkgs"
        ]
      },
      "locked": {
        "lastModified": 1752374969,
        "narHash": "sha256-Ky3ynEkJXih7mvWyt9DWoiSiZGqPeHLU1tlBU4b0mcc=",
        "owner": "oxalica",
        "repo": "rust-overlay",
        "rev": "75fb000638e6d0f57cb1e8b7a4550cbdd8c76f1d",
        "type": "github"
      },
      "original": {
        "owner": "oxalica",
        "repo": "rust-overlay",
        "type": "github"
      }
    },
    "systems": {
      "locked": {
        "lastModified": 1689347949,
        "narHash": "sha256-12tWmuL2zgBgZkdoB6qXZsgJEH9LR3oUgpaQq2RbI80=",
        "owner": "nix-systems",
        "repo": "default-linux",
        "rev": "31732fcf5e8fea42e59c2488ad31a0e651500f68",
        "type": "github"
      },
      "original": {
        "owner": "nix-systems",
        "repo": "default-linux",
        "type": "github"
      }
    }
  },
  "root": "root",
  "version": 7
}
